{
  "requires": true,
  "lockfileVersion": 1,
  "dependencies": {
    "cordova-plugin-crosswalk-webview": {
      "version": "2.4.0",
      "resolved": "https://registry.npmjs.org/cordova-plugin-crosswalk-webview/-/cordova-plugin-crosswalk-webview-2.4.0.tgz",
      "integrity": "sha512-XoUBv7RHvOWMKtI5mwSUzZDgStTaFfRlmZeC1cgicel6cX88IFMr+qqECix5V/xlutiLgEv34rxP4jR3Br19Cg=="
    }
  }
}
