{
  "requires": true,
  "lockfileVersion": 1,
  "dependencies": {
    "cordova-plugin-native-keyboard": {
      "version": "1.5.2",
      "resolved": "https://registry.npmjs.org/cordova-plugin-native-keyboard/-/cordova-plugin-native-keyboard-1.5.2.tgz",
      "integrity": "sha1-kq4+iVnA5C9r+vipmECbGq9EUeA="
    }
  }
}
